Microsoft Visual Studio Solution File, Format Version 12.00
# Visual Studio 2012
Project("{FAE04EC0-301F-11D3-BF4B-00C04F79EFBC}") = "voxelmeshercubesexample", "voxelmeshercubesexample.csproj", "{20A08CBD-3F9B-417D-A681-AEA91753ADDF}"
EndProject
Global
	GlobalSection(SolutionConfigurationPlatforms) = preSolution
	Debug|Any CPU = Debug|Any CPU
	ExportDebug|Any CPU = ExportDebug|Any CPU
	ExportRelease|Any CPU = ExportRelease|Any CPU
	EndGlobalSection
	GlobalSection(ProjectConfigurationPlatforms) = postSolution
		{20A08CBD-3F9B-417D-A681-AEA91753ADDF}.Debug|Any CPU.ActiveCfg = Debug|Any CPU
		{20A08CBD-3F9B-417D-A681-AEA91753ADDF}.Debug|Any CPU.Build.0 = Debug|Any CPU
		{20A08CBD-3F9B-417D-A681-AEA91753ADDF}.ExportDebug|Any CPU.ActiveCfg = ExportDebug|Any CPU
		{20A08CBD-3F9B-417D-A681-AEA91753ADDF}.ExportDebug|Any CPU.Build.0 = ExportDebug|Any CPU
		{20A08CBD-3F9B-417D-A681-AEA91753ADDF}.ExportRelease|Any CPU.ActiveCfg = ExportRelease|Any CPU
		{20A08CBD-3F9B-417D-A681-AEA91753ADDF}.ExportRelease|Any CPU.Build.0 = ExportRelease|Any CPU
	EndGlobalSection
EndGlobal
